<?xml version="1.0" encoding="utf-8"?>
<Project ToolsVersion="4.0" xmlns="http://schemas.microsoft.com/developer/msbuild/2003">
  <ItemGroup>
    <Filter Include="소스 파일">
      <UniqueIdentifier>{4FC737F1-C7A5-4376-A066-2A32D752A2FF}</UniqueIdentifier>
      <Extensions>cpp;c;cc;cxx;def;odl;idl;hpj;bat;asm;asmx</Extensions>
    </Filter>
    <Filter Include="헤더 파일">
      <UniqueIdentifier>{93995380-89BD-4b04-88EB-625FBE52EBFB}</UniqueIdentifier>
      <Extensions>h;hh;hpp;hxx;hm;inl;inc;ipp;xsd</Extensions>
    </Filter>
    <Filter Include="리소스 파일">
      <UniqueIdentifier>{67DA6AB6-F800-4c08-8B7A-83BB121AAD01}</UniqueIdentifier>
      <Extensions>rc;ico;cur;bmp;dlg;rc2;rct;bin;rgs;gif;jpg;jpeg;jpe;resx;tiff;tif;png;wav;mfcribbon-ms</Extensions>
    </Filter>
    <Filter Include="소스 파일\Cipher Info">
      <UniqueIdentifier>{401f5c89-5de1-4a08-8c95-bc3b9a6a69bb}</UniqueIdentifier>
    </Filter>
    <Filter Include="헤더 파일\Out">
      <UniqueIdentifier>{d43e82f7-ea91-4286-a53a-44254420827c}</UniqueIdentifier>
    </Filter>
    <Filter Include="소스 파일\Common">
      <UniqueIdentifier>{d049c9d2-194c-4e09-a3b9-7f0114e752fc}</UniqueIdentifier>
    </Filter>
    <Filter Include="소스 파일\Linear Trail">
      <UniqueIdentifier>{cd70d4f5-4b5d-4423-b7d1-bd09149ff251}</UniqueIdentifier>
    </Filter>
    <Filter Include="소스 파일\Differential Trail">
      <UniqueIdentifier>{d91dae4f-dfda-46be-b5b5-9ce476296f80}</UniqueIdentifier>
    </Filter>
    <Filter Include="헤더 파일\In">
      <UniqueIdentifier>{21585bda-04ea-4a69-ae38-df68add52ed5}</UniqueIdentifier>
    </Filter>
    <Filter Include="소스 파일\Cipher Info\bogi_omega_variants">
      <UniqueIdentifier>{cab5d050-ae27-4f47-b0d6-67d492ce70cd}</UniqueIdentifier>
    </Filter>
  </ItemGroup>
  <ItemGroup>
    <ClCompile Include="..\Lib_Source\Cipher_Info\aes128_info.c">
      <Filter>소스 파일\Cipher Info</Filter>
    </ClCompile>
    <ClCompile Include="..\Lib_Source\Cipher_Info\craft64_info.c">
      <Filter>소스 파일\Cipher Info</Filter>
    </ClCompile>
    <ClCompile Include="..\Lib_Source\Cipher_Info\fly64_info.c">
      <Filter>소스 파일\Cipher Info</Filter>
    </ClCompile>
    <ClCompile Include="..\Lib_Source\Cipher_Info\gift64_info.c">
      <Filter>소스 파일\Cipher Info</Filter>
    </ClCompile>
    <ClCompile Include="..\Lib_Source\Cipher_Info\gift128_info.c">
      <Filter>소스 파일\Cipher Info</Filter>
    </ClCompile>
    <ClCompile Include="..\Lib_Source\Cipher_Info\midori64_info.c">
      <Filter>소스 파일\Cipher Info</Filter>
    </ClCompile>
    <ClCompile Include="..\Lib_Source\Cipher_Info\present64_info.c">
      <Filter>소스 파일\Cipher Info</Filter>
    </ClCompile>
    <ClCompile Include="..\Lib_Source\Cipher_Info\present128_info.c">
      <Filter>소스 파일\Cipher Info</Filter>
    </ClCompile>
    <ClCompile Include="..\Lib_Source\Cipher_Info\rectangle64_info.c">
      <Filter>소스 파일\Cipher Info</Filter>
    </ClCompile>
    <ClCompile Include="..\Lib_Source\Cipher_Info\sbmn_info.c">
      <Filter>소스 파일\Cipher Info</Filter>
    </ClCompile>
    <ClCompile Include="..\Lib_Source\Cipher_Info\sbpn_info.c">
      <Filter>소스 파일\Cipher Info</Filter>
    </ClCompile>
    <ClCompile Include="..\Lib_Source\Cipher_Info\skinny64_info.c">
      <Filter>소스 파일\Cipher Info</Filter>
    </ClCompile>
    <ClCompile Include="..\Lib_Source\Cipher_Info\skinny128_info.c">
      <Filter>소스 파일\Cipher Info</Filter>
    </ClCompile>
    <ClCompile Include="..\Lib_Source\Cipher_Info\spongent176_info.c">
      <Filter>소스 파일\Cipher Info</Filter>
    </ClCompile>
    <ClCompile Include="..\Lib_Source\active_map.c">
      <Filter>소스 파일\Common</Filter>
    </ClCompile>
    <ClCompile Include="..\Lib_Source\printout.c">
      <Filter>소스 파일\Common</Filter>
    </ClCompile>
    <ClCompile Include="..\Lib_Source\prep_dc.c">
      <Filter>소스 파일\Differential Trail</Filter>
    </ClCompile>
    <ClCompile Include="..\Lib_Source\prep_lc.c">
      <Filter>소스 파일\Linear Trail</Filter>
    </ClCompile>
    <ClCompile Include="..\Lib_Source\SPN_Best_Differential_Prob_Search.c">
      <Filter>소스 파일\Differential Trail</Filter>
    </ClCompile>
    <ClCompile Include="..\Lib_Source\SPN_Best_Linear_Corr_Search.c">
      <Filter>소스 파일\Linear Trail</Filter>
    </ClCompile>
    <ClCompile Include="..\Lib_Source\Cipher_Info\bogi64_omega.c">
      <Filter>소스 파일\Cipher Info\bogi_omega_variants</Filter>
    </ClCompile>
    <ClCompile Include="..\Lib_Source\Cipher_Info\bogi128_omega.c">
      <Filter>소스 파일\Cipher Info\bogi_omega_variants</Filter>
    </ClCompile>
    <ClCompile Include="..\Lib_Source\active_map_bogi64.c">
      <Filter>소스 파일\Common</Filter>
    </ClCompile>
    <ClCompile Include="..\Lib_Source\Cipher_Info\bogi128_info.c">
      <Filter>소스 파일\Cipher Info</Filter>
    </ClCompile>
    <ClCompile Include="..\Lib_Source\Cipher_Info\bogi64_info.c">
      <Filter>소스 파일\Cipher Info</Filter>
    </ClCompile>
    <ClCompile Include="..\Lib_Source\Cipher_Info\bogi16_info.c">
      <Filter>소스 파일\Cipher Info</Filter>
    </ClCompile>
    <ClCompile Include="..\Lib_Source\Cipher_Info\bogi16_omega.c">
      <Filter>소스 파일\Cipher Info\bogi_omega_variants</Filter>
    </ClCompile>
    <ClCompile Include="..\Lib_Source\active_map_bogi16.c">
      <Filter>소스 파일\Common</Filter>
    </ClCompile>
    <ClCompile Include="..\Lib_Source\Cipher_Info\bogi32_omega.c">
      <Filter>소스 파일\Cipher Info\bogi_omega_variants</Filter>
    </ClCompile>
    <ClCompile Include="..\Lib_Source\Cipher_Info\bogi32_info.c">
      <Filter>소스 파일\Cipher Info</Filter>
    </ClCompile>
    <ClCompile Include="..\Lib_Source\Cipher_Info\pipo64_info.c">
      <Filter>소스 파일\Cipher Info</Filter>
    </ClCompile>
    <ClCompile Include="..\Lib_Source\active_map_midori64.c">
      <Filter>소스 파일\Common</Filter>
    </ClCompile>
    <ClCompile Include="..\Lib_Source\active_map_craft64.c">
      <Filter>소스 파일\Common</Filter>
    </ClCompile>
    <ClCompile Include="..\Lib_Source\active_map_skinny.c">
      <Filter>소스 파일\Common</Filter>
    </ClCompile>
    <ClCompile Include="..\Lib_Source\active_map_bogi32.c">
      <Filter>소스 파일\Common</Filter>
    </ClCompile>
    <ClCompile Include="..\Lib_Source\active_map_bogi128.c">
      <Filter>소스 파일\Common</Filter>
    </ClCompile>
    <ClCompile Include="..\Lib_Source\active_map_aes128.c">
      <Filter>소스 파일\Common</Filter>
    </ClCompile>
    <ClCompile Include="..\Lib_Source\active_map_bogi176.c">
      <Filter>소스 파일\Common</Filter>
    </ClCompile>
    <ClCompile Include="..\Lib_Source\Cipher_Info\bogi176_info.c">
      <Filter>소스 파일\Cipher Info</Filter>
    </ClCompile>
    <ClCompile Include="..\Lib_Source\Cipher_Info\bogi176_omega.c">
      <Filter>소스 파일\Cipher Info\bogi_omega_variants</Filter>
    </ClCompile>
    <ClCompile Include="..\Lib_Source\Cipher_Info\bogi256_omega.c">
      <Filter>소스 파일\Cipher Info\bogi_omega_variants</Filter>
    </ClCompile>
    <ClCompile Include="..\Lib_Source\Cipher_Info\bogi256_info.c">
      <Filter>소스 파일\Cipher Info</Filter>
    </ClCompile>
    <ClCompile Include="..\Lib_Source\active_map_bogi256.c">
      <Filter>소스 파일\Common</Filter>
    </ClCompile>
    <ClCompile Include="..\Lib_Source\Cipher_Info\led64_info.c">
      <Filter>소스 파일\Cipher Info</Filter>
    </ClCompile>
    <ClCompile Include="..\Lib_Source\active_map_led64.c">
      <Filter>소스 파일\Common</Filter>
    </ClCompile>
  </ItemGroup>
  <ItemGroup>
    <ClInclude Include="..\Lib_Source\Out\astbb.h">
      <Filter>헤더 파일\Out</Filter>
    </ClInclude>
    <ClInclude Include="..\Lib_Source\bit_perm_opt.h">
      <Filter>헤더 파일\In</Filter>
    </ClInclude>
    <ClInclude Include="..\Lib_Source\active_map.h">
      <Filter>헤더 파일\In</Filter>
    </ClInclude>
    <ClInclude Include="..\Lib_Source\printout.h">
      <Filter>헤더 파일\In</Filter>
    </ClInclude>
    <ClInclude Include="..\Lib_Source\lin_corr.h">
      <Filter>헤더 파일\In</Filter>
    </ClInclude>
    <ClInclude Include="..\Lib_Source\dif_prob.h">
      <Filter>헤더 파일\In</Filter>
    </ClInclude>
  </ItemGroup>
</Project>