<?xml version="1.0" encoding="utf-8"?>
<Project ToolsVersion="4.0" xmlns="http://schemas.microsoft.com/developer/msbuild/2003">
  <ItemGroup>
    <Filter Include="Header Files">
      <UniqueIdentifier>{3c6a7732-4e5f-4ba6-8a11-67a8b77a02cc}</UniqueIdentifier>
    </Filter>
    <Filter Include="Source Files">
      <UniqueIdentifier>{e6218ff7-3e77-4ea9-972a-34964cf5dafe}</UniqueIdentifier>
    </Filter>
  </ItemGroup>
  <ItemGroup>
    <ClCompile Include="..\Handle_Source\astbb_main.c">
      <Filter>Source Files</Filter>
    </ClCompile>
  </ItemGroup>
  <ItemGroup>
    <ClInclude Include="..\Lib_Source\Out\astbb.h">
      <Filter>Header Files</Filter>
    </ClInclude>
  </ItemGroup>
</Project>