
Microsoft Visual Studio Solution File, Format Version 12.00
# Visual Studio 15
VisualStudioVersion = 15.0.28307.572
MinimumVisualStudioVersion = 10.0.40219.1
Project("{8BC9CEB8-8B4A-11D0-8D11-00A0C91BC942}") = "ASTBB_Windows", "ASTBB_Windows\ASTBB_Windows.vcxproj", "{CEBD89A7-879D-46CC-A9D0-98C068614916}"
EndProject
Project("{8BC9CEB8-8B4A-11D0-8D11-00A0C91BC942}") = "ASTBB_Linux", "ASTBB_Linux\ASTBB_Linux.vcxproj", "{6239D78B-1340-48FD-8284-05A6E72CB671}"
EndProject
Project("{8BC9CEB8-8B4A-11D0-8D11-00A0C91BC942}") = "ASTBB_Handle_Windows", "ASTBB_Handle_Windows\ASTBB_Handle_Windows.vcxproj", "{7F65C7A7-8988-4239-92B6-71F00118FA5B}"
	ProjectSection(ProjectDependencies) = postProject
		{CEBD89A7-879D-46CC-A9D0-98C068614916} = {CEBD89A7-879D-46CC-A9D0-98C068614916}
	EndProjectSection
EndProject
Project("{8BC9CEB8-8B4A-11D0-8D11-00A0C91BC942}") = "ASTBB_Handle_Linux", "ASTBB_Handle_Linux\ASTBB_Handle_Linux.vcxproj", "{ED7DCC6D-D8ED-4C33-B580-5689C8AADF0D}"
	ProjectSection(ProjectDependencies) = postProject
		{6239D78B-1340-48FD-8284-05A6E72CB671} = {6239D78B-1340-48FD-8284-05A6E72CB671}
	EndProjectSection
EndProject
Project("{888888A0-9F3D-457C-B088-3A5042F75D52}") = "ASTBB_Wrapper", "ASTBB_Wrapper\ASTBB_Wrapper.pyproj", "{9A2930B1-7B1F-4753-ACE5-4DE90FF4AA20}"
EndProject
Global
	GlobalSection(SolutionConfigurationPlatforms) = preSolution
		Debug|Any CPU = Debug|Any CPU
		Debug|ARM = Debug|ARM
		Debug|ARM64 = Debug|ARM64
		Debug|x64 = Debug|x64
		Debug|x86 = Debug|x86
		Release|Any CPU = Release|Any CPU
		Release|ARM = Release|ARM
		Release|ARM64 = Release|ARM64
		Release|x64 = Release|x64
		Release|x86 = Release|x86
	EndGlobalSection
	GlobalSection(ProjectConfigurationPlatforms) = postSolution
		{CEBD89A7-879D-46CC-A9D0-98C068614916}.Debug|Any CPU.ActiveCfg = Debug|Win32
		{CEBD89A7-879D-46CC-A9D0-98C068614916}.Debug|ARM.ActiveCfg = Debug|Win32
		{CEBD89A7-879D-46CC-A9D0-98C068614916}.Debug|ARM64.ActiveCfg = Debug|Win32
		{CEBD89A7-879D-46CC-A9D0-98C068614916}.Debug|x64.ActiveCfg = Debug|x64
		{CEBD89A7-879D-46CC-A9D0-98C068614916}.Debug|x64.Build.0 = Debug|x64
		{CEBD89A7-879D-46CC-A9D0-98C068614916}.Debug|x86.ActiveCfg = Debug|Win32
		{CEBD89A7-879D-46CC-A9D0-98C068614916}.Debug|x86.Build.0 = Debug|Win32
		{CEBD89A7-879D-46CC-A9D0-98C068614916}.Release|Any CPU.ActiveCfg = Release|Win32
		{CEBD89A7-879D-46CC-A9D0-98C068614916}.Release|ARM.ActiveCfg = Release|Win32
		{CEBD89A7-879D-46CC-A9D0-98C068614916}.Release|ARM64.ActiveCfg = Release|Win32
		{CEBD89A7-879D-46CC-A9D0-98C068614916}.Release|x64.ActiveCfg = Release|x64
		{CEBD89A7-879D-46CC-A9D0-98C068614916}.Release|x64.Build.0 = Release|x64
		{CEBD89A7-879D-46CC-A9D0-98C068614916}.Release|x86.ActiveCfg = Release|Win32
		{CEBD89A7-879D-46CC-A9D0-98C068614916}.Release|x86.Build.0 = Release|Win32
		{6239D78B-1340-48FD-8284-05A6E72CB671}.Debug|Any CPU.ActiveCfg = Debug|x86
		{6239D78B-1340-48FD-8284-05A6E72CB671}.Debug|ARM.ActiveCfg = Debug|ARM
		{6239D78B-1340-48FD-8284-05A6E72CB671}.Debug|ARM.Build.0 = Debug|ARM
		{6239D78B-1340-48FD-8284-05A6E72CB671}.Debug|ARM64.ActiveCfg = Debug|ARM64
		{6239D78B-1340-48FD-8284-05A6E72CB671}.Debug|ARM64.Build.0 = Debug|ARM64
		{6239D78B-1340-48FD-8284-05A6E72CB671}.Debug|x64.ActiveCfg = Debug|x64
		{6239D78B-1340-48FD-8284-05A6E72CB671}.Debug|x64.Build.0 = Debug|x64
		{6239D78B-1340-48FD-8284-05A6E72CB671}.Debug|x86.ActiveCfg = Debug|x86
		{6239D78B-1340-48FD-8284-05A6E72CB671}.Debug|x86.Build.0 = Debug|x86
		{6239D78B-1340-48FD-8284-05A6E72CB671}.Release|Any CPU.ActiveCfg = Release|x86
		{6239D78B-1340-48FD-8284-05A6E72CB671}.Release|ARM.ActiveCfg = Release|ARM
		{6239D78B-1340-48FD-8284-05A6E72CB671}.Release|ARM.Build.0 = Release|ARM
		{6239D78B-1340-48FD-8284-05A6E72CB671}.Release|ARM64.ActiveCfg = Release|ARM64
		{6239D78B-1340-48FD-8284-05A6E72CB671}.Release|ARM64.Build.0 = Release|ARM64
		{6239D78B-1340-48FD-8284-05A6E72CB671}.Release|x64.ActiveCfg = Release|x64
		{6239D78B-1340-48FD-8284-05A6E72CB671}.Release|x64.Build.0 = Release|x64
		{6239D78B-1340-48FD-8284-05A6E72CB671}.Release|x86.ActiveCfg = Release|x86
		{6239D78B-1340-48FD-8284-05A6E72CB671}.Release|x86.Build.0 = Release|x86
		{7F65C7A7-8988-4239-92B6-71F00118FA5B}.Debug|Any CPU.ActiveCfg = Debug|Win32
		{7F65C7A7-8988-4239-92B6-71F00118FA5B}.Debug|ARM.ActiveCfg = Debug|Win32
		{7F65C7A7-8988-4239-92B6-71F00118FA5B}.Debug|ARM64.ActiveCfg = Debug|Win32
		{7F65C7A7-8988-4239-92B6-71F00118FA5B}.Debug|x64.ActiveCfg = Debug|x64
		{7F65C7A7-8988-4239-92B6-71F00118FA5B}.Debug|x64.Build.0 = Debug|x64
		{7F65C7A7-8988-4239-92B6-71F00118FA5B}.Debug|x86.ActiveCfg = Debug|Win32
		{7F65C7A7-8988-4239-92B6-71F00118FA5B}.Debug|x86.Build.0 = Debug|Win32
		{7F65C7A7-8988-4239-92B6-71F00118FA5B}.Release|Any CPU.ActiveCfg = Release|Win32
		{7F65C7A7-8988-4239-92B6-71F00118FA5B}.Release|ARM.ActiveCfg = Release|Win32
		{7F65C7A7-8988-4239-92B6-71F00118FA5B}.Release|ARM64.ActiveCfg = Release|Win32
		{7F65C7A7-8988-4239-92B6-71F00118FA5B}.Release|x64.ActiveCfg = Release|x64
		{7F65C7A7-8988-4239-92B6-71F00118FA5B}.Release|x64.Build.0 = Release|x64
		{7F65C7A7-8988-4239-92B6-71F00118FA5B}.Release|x86.ActiveCfg = Release|Win32
		{7F65C7A7-8988-4239-92B6-71F00118FA5B}.Release|x86.Build.0 = Release|Win32
		{ED7DCC6D-D8ED-4C33-B580-5689C8AADF0D}.Debug|Any CPU.ActiveCfg = Debug|x86
		{ED7DCC6D-D8ED-4C33-B580-5689C8AADF0D}.Debug|ARM.ActiveCfg = Debug|ARM
		{ED7DCC6D-D8ED-4C33-B580-5689C8AADF0D}.Debug|ARM.Build.0 = Debug|ARM
		{ED7DCC6D-D8ED-4C33-B580-5689C8AADF0D}.Debug|ARM64.ActiveCfg = Debug|ARM64
		{ED7DCC6D-D8ED-4C33-B580-5689C8AADF0D}.Debug|ARM64.Build.0 = Debug|ARM64
		{ED7DCC6D-D8ED-4C33-B580-5689C8AADF0D}.Debug|x64.ActiveCfg = Debug|x64
		{ED7DCC6D-D8ED-4C33-B580-5689C8AADF0D}.Debug|x64.Build.0 = Debug|x64
		{ED7DCC6D-D8ED-4C33-B580-5689C8AADF0D}.Debug|x86.ActiveCfg = Debug|x86
		{ED7DCC6D-D8ED-4C33-B580-5689C8AADF0D}.Debug|x86.Build.0 = Debug|x86
		{ED7DCC6D-D8ED-4C33-B580-5689C8AADF0D}.Release|Any CPU.ActiveCfg = Release|x86
		{ED7DCC6D-D8ED-4C33-B580-5689C8AADF0D}.Release|ARM.ActiveCfg = Release|ARM
		{ED7DCC6D-D8ED-4C33-B580-5689C8AADF0D}.Release|ARM.Build.0 = Release|ARM
		{ED7DCC6D-D8ED-4C33-B580-5689C8AADF0D}.Release|ARM64.ActiveCfg = Release|ARM64
		{ED7DCC6D-D8ED-4C33-B580-5689C8AADF0D}.Release|ARM64.Build.0 = Release|ARM64
		{ED7DCC6D-D8ED-4C33-B580-5689C8AADF0D}.Release|x64.ActiveCfg = Release|x64
		{ED7DCC6D-D8ED-4C33-B580-5689C8AADF0D}.Release|x64.Build.0 = Release|x64
		{ED7DCC6D-D8ED-4C33-B580-5689C8AADF0D}.Release|x86.ActiveCfg = Release|x86
		{ED7DCC6D-D8ED-4C33-B580-5689C8AADF0D}.Release|x86.Build.0 = Release|x86
		{9A2930B1-7B1F-4753-ACE5-4DE90FF4AA20}.Debug|Any CPU.ActiveCfg = Debug|Any CPU
		{9A2930B1-7B1F-4753-ACE5-4DE90FF4AA20}.Debug|ARM.ActiveCfg = Debug|Any CPU
		{9A2930B1-7B1F-4753-ACE5-4DE90FF4AA20}.Debug|ARM64.ActiveCfg = Debug|Any CPU
		{9A2930B1-7B1F-4753-ACE5-4DE90FF4AA20}.Debug|x64.ActiveCfg = Debug|Any CPU
		{9A2930B1-7B1F-4753-ACE5-4DE90FF4AA20}.Debug|x86.ActiveCfg = Debug|Any CPU
		{9A2930B1-7B1F-4753-ACE5-4DE90FF4AA20}.Release|Any CPU.ActiveCfg = Release|Any CPU
		{9A2930B1-7B1F-4753-ACE5-4DE90FF4AA20}.Release|ARM.ActiveCfg = Release|Any CPU
		{9A2930B1-7B1F-4753-ACE5-4DE90FF4AA20}.Release|ARM64.ActiveCfg = Release|Any CPU
		{9A2930B1-7B1F-4753-ACE5-4DE90FF4AA20}.Release|x64.ActiveCfg = Release|Any CPU
		{9A2930B1-7B1F-4753-ACE5-4DE90FF4AA20}.Release|x86.ActiveCfg = Release|Any CPU
	EndGlobalSection
	GlobalSection(SolutionProperties) = preSolution
		HideSolutionNode = FALSE
	EndGlobalSection
	GlobalSection(ExtensibilityGlobals) = postSolution
		SolutionGuid = {0E14E2A5-DC91-447A-88F2-C5278F388039}
	EndGlobalSection
EndGlobal
